
Microsoft Visual Studio Solution File, Format Version 12.00
# Visual Studio Version 17
VisualStudioVersion = 17.7.33906.173
MinimumVisualStudioVersion = 10.0.40219.1
Project("{9A19103F-16F7-4668-BE54-9A1E7A4F7556}") = "ContextSwitching", "ContextSwitching\ContextSwitching.csproj", "{ADE3C818-DE1E-417F-ABB7-502190A138D5}"
EndProject
Project("{9A19103F-16F7-4668-BE54-9A1E7A4F7556}") = "SharedResources", "SharedResources\SharedResources.csproj", "{CBA477A7-0C2C-469C-A957-CF56098EF4DB}"
EndProject
Project("{2150E333-8FDC-42A3-9474-1A3956D46DE8}") = "Solution Items", "Solution Items", "{79A55CC7-A315-41D8-B7FC-A3356E7EBD7E}"
	ProjectSection(SolutionItems) = preProject
		info.yaml = info.yaml
		README.md = README.md
	EndProjectSection
EndProject
Project("{9A19103F-16F7-4668-BE54-9A1E7A4F7556}") = "LocalMemory", "LocalMemory\LocalMemory.csproj", "{6B101810-2DC9-46D6-8642-3BD27ED81BEF}"
EndProject
Project("{FAE04EC0-301F-11D3-BF4B-00C04F79EFBC}") = "ThreadPool", "ThreadPool\ThreadPool.csproj", "{5BC6252C-0D3E-4EE5-B431-59F437B44ACD}"
EndProject
Project("{FAE04EC0-301F-11D3-BF4B-00C04F79EFBC}") = "Concepts", "Concepts\Concepts.csproj", "{039ADAE3-BEDA-4002-BB38-D721FD66E4A3}"
EndProject
Project("{FAE04EC0-301F-11D3-BF4B-00C04F79EFBC}") = "Exceptions", "Exceptions\Exceptions.csproj", "{D39E7406-317C-4651-8DA4-6EBA121F00E2}"
EndProject
Project("{FAE04EC0-301F-11D3-BF4B-00C04F79EFBC}") = "TaskIntro", "TaskIntro\TaskIntro.csproj", "{CF804538-1E15-4D6B-B9DE-3536AEF88AEF}"
EndProject
Project("{FAE04EC0-301F-11D3-BF4B-00C04F79EFBC}") = "TasksIo", "TasksIo\TasksIo.csproj", "{2DE68317-B83F-4F0B-91B9-54A5FB9A2EB2}"
EndProject
Global
	GlobalSection(SolutionConfigurationPlatforms) = preSolution
		Debug|Any CPU = Debug|Any CPU
		Release|Any CPU = Release|Any CPU
	EndGlobalSection
	GlobalSection(ProjectConfigurationPlatforms) = postSolution
		{ADE3C818-DE1E-417F-ABB7-502190A138D5}.Debug|Any CPU.ActiveCfg = Debug|Any CPU
		{ADE3C818-DE1E-417F-ABB7-502190A138D5}.Debug|Any CPU.Build.0 = Debug|Any CPU
		{ADE3C818-DE1E-417F-ABB7-502190A138D5}.Release|Any CPU.ActiveCfg = Release|Any CPU
		{ADE3C818-DE1E-417F-ABB7-502190A138D5}.Release|Any CPU.Build.0 = Release|Any CPU
		{CBA477A7-0C2C-469C-A957-CF56098EF4DB}.Debug|Any CPU.ActiveCfg = Debug|Any CPU
		{CBA477A7-0C2C-469C-A957-CF56098EF4DB}.Debug|Any CPU.Build.0 = Debug|Any CPU
		{CBA477A7-0C2C-469C-A957-CF56098EF4DB}.Release|Any CPU.ActiveCfg = Release|Any CPU
		{CBA477A7-0C2C-469C-A957-CF56098EF4DB}.Release|Any CPU.Build.0 = Release|Any CPU
		{6B101810-2DC9-46D6-8642-3BD27ED81BEF}.Debug|Any CPU.ActiveCfg = Debug|Any CPU
		{6B101810-2DC9-46D6-8642-3BD27ED81BEF}.Debug|Any CPU.Build.0 = Debug|Any CPU
		{6B101810-2DC9-46D6-8642-3BD27ED81BEF}.Release|Any CPU.ActiveCfg = Release|Any CPU
		{6B101810-2DC9-46D6-8642-3BD27ED81BEF}.Release|Any CPU.Build.0 = Release|Any CPU
		{5BC6252C-0D3E-4EE5-B431-59F437B44ACD}.Debug|Any CPU.ActiveCfg = Debug|Any CPU
		{5BC6252C-0D3E-4EE5-B431-59F437B44ACD}.Debug|Any CPU.Build.0 = Debug|Any CPU
		{5BC6252C-0D3E-4EE5-B431-59F437B44ACD}.Release|Any CPU.ActiveCfg = Release|Any CPU
		{5BC6252C-0D3E-4EE5-B431-59F437B44ACD}.Release|Any CPU.Build.0 = Release|Any CPU
		{039ADAE3-BEDA-4002-BB38-D721FD66E4A3}.Debug|Any CPU.ActiveCfg = Debug|Any CPU
		{039ADAE3-BEDA-4002-BB38-D721FD66E4A3}.Debug|Any CPU.Build.0 = Debug|Any CPU
		{039ADAE3-BEDA-4002-BB38-D721FD66E4A3}.Release|Any CPU.ActiveCfg = Release|Any CPU
		{039ADAE3-BEDA-4002-BB38-D721FD66E4A3}.Release|Any CPU.Build.0 = Release|Any CPU
		{D39E7406-317C-4651-8DA4-6EBA121F00E2}.Debug|Any CPU.ActiveCfg = Debug|Any CPU
		{D39E7406-317C-4651-8DA4-6EBA121F00E2}.Debug|Any CPU.Build.0 = Debug|Any CPU
		{D39E7406-317C-4651-8DA4-6EBA121F00E2}.Release|Any CPU.ActiveCfg = Release|Any CPU
		{D39E7406-317C-4651-8DA4-6EBA121F00E2}.Release|Any CPU.Build.0 = Release|Any CPU
		{CF804538-1E15-4D6B-B9DE-3536AEF88AEF}.Debug|Any CPU.ActiveCfg = Debug|Any CPU
		{CF804538-1E15-4D6B-B9DE-3536AEF88AEF}.Debug|Any CPU.Build.0 = Debug|Any CPU
		{CF804538-1E15-4D6B-B9DE-3536AEF88AEF}.Release|Any CPU.ActiveCfg = Release|Any CPU
		{CF804538-1E15-4D6B-B9DE-3536AEF88AEF}.Release|Any CPU.Build.0 = Release|Any CPU
		{2DE68317-B83F-4F0B-91B9-54A5FB9A2EB2}.Debug|Any CPU.ActiveCfg = Debug|Any CPU
		{2DE68317-B83F-4F0B-91B9-54A5FB9A2EB2}.Debug|Any CPU.Build.0 = Debug|Any CPU
		{2DE68317-B83F-4F0B-91B9-54A5FB9A2EB2}.Release|Any CPU.ActiveCfg = Release|Any CPU
		{2DE68317-B83F-4F0B-91B9-54A5FB9A2EB2}.Release|Any CPU.Build.0 = Release|Any CPU
	EndGlobalSection
	GlobalSection(SolutionProperties) = preSolution
		HideSolutionNode = FALSE
	EndGlobalSection
	GlobalSection(ExtensibilityGlobals) = postSolution
		SolutionGuid = {AEFAA5FB-C5CA-42D8-96D8-D4136E0ED248}
	EndGlobalSection
EndGlobal
